
Microsoft Visual Studio Solution File, Format Version 12.00
# Visual Studio Version 17
VisualStudioVersion = 17.13.35919.96 d17.13
MinimumVisualStudioVersion = 10.0.40219.1
Project("{FAE04EC0-301F-11D3-BF4B-00C04F79EFBC}") = "fastfood", "fastfood\fastfood.csproj", "{190E7450-6486-4C74-BAB0-D256ADD3A58C}"
EndProject
Project("{FAE04EC0-301F-11D3-BF4B-00C04F79EFBC}") = "fastfood.Shared", "fastfood.Shared\fastfood.Shared.csproj", "{DC9B70F8-40C6-4741-9A8B-E7CAB67C2BE4}"
EndProject
Global
	GlobalSection(SolutionConfigurationPlatforms) = preSolution
		Debug|Any CPU = Debug|Any CPU
		Release|Any CPU = Release|Any CPU
	EndGlobalSection
	GlobalSection(ProjectConfigurationPlatforms) = postSolution
		{190E7450-6486-4C74-BAB0-D256ADD3A58C}.Debug|Any CPU.ActiveCfg = Debug|Any CPU
		{190E7450-6486-4C74-BAB0-D256ADD3A58C}.Debug|Any CPU.Build.0 = Debug|Any CPU
		{190E7450-6486-4C74-BAB0-D256ADD3A58C}.Release|Any CPU.ActiveCfg = Release|Any CPU
		{190E7450-6486-4C74-BAB0-D256ADD3A58C}.Release|Any CPU.Build.0 = Release|Any CPU
		{DC9B70F8-40C6-4741-9A8B-E7CAB67C2BE4}.Debug|Any CPU.ActiveCfg = Debug|Any CPU
		{DC9B70F8-40C6-4741-9A8B-E7CAB67C2BE4}.Debug|Any CPU.Build.0 = Debug|Any CPU
		{DC9B70F8-40C6-4741-9A8B-E7CAB67C2BE4}.Release|Any CPU.ActiveCfg = Release|Any CPU
		{DC9B70F8-40C6-4741-9A8B-E7CAB67C2BE4}.Release|Any CPU.Build.0 = Release|Any CPU
	EndGlobalSection
	GlobalSection(SolutionProperties) = preSolution
		HideSolutionNode = FALSE
	EndGlobalSection
	GlobalSection(ExtensibilityGlobals) = postSolution
		SolutionGuid = {432BA743-EFA0-40C4-91AB-94F710233DCA}
	EndGlobalSection
EndGlobal
